// !$*UTF8*$!
{
	archiveVersion = 1;
	classes = {
	};
	objectVersion = 50;
	objects = {

/* Begin PBXBuildFile section */
		630BDC13268EBF75007861C5 /* CustomCell.swift in Sources */ = {isa = PBXBuildFile; fileRef = 630BDC11268EBF75007861C5 /* CustomCell.swift */; };
		630BDC14268EBF75007861C5 /* CustomCell.xib in Resources */ = {isa = PBXBuildFile; fileRef = 630BDC12268EBF75007861C5 /* CustomCell.xib */; };
		630BDC17268EC570007861C5 /* PostCell.swift in Sources */ = {isa = PBXBuildFile; fileRef = 630BDC15268EC570007861C5 /* PostCell.swift */; };
		630BDC18268EC570007861C5 /* PostCell.xib in Resources */ = {isa = PBXBuildFile; fileRef = 630BDC16268EC570007861C5 /* PostCell.xib */; };
		630BDC20268F05DE007861C5 /* StoryController.swift in Sources */ = {isa = PBXBuildFile; fileRef = 630BDC1F268F05DE007861C5 /* StoryController.swift */; };
		630BDC23268F14C8007861C5 /* Comment.swift in Sources */ = {isa = PBXBuildFile; fileRef = 630BDC21268F14C8007861C5 /* Comment.swift */; };
		630BDC24268F14C8007861C5 /* Comment.xib in Resources */ = {isa = PBXBuildFile; fileRef = 630BDC22268F14C8007861C5 /* Comment.xib */; };
		632AC38B268D563B004848CB /* AppDelegate.swift in Sources */ = {isa = PBXBuildFile; fileRef = 632AC38A268D563B004848CB /* AppDelegate.swift */; };
		632AC38D268D563B004848CB /* SceneDelegate.swift in Sources */ = {isa = PBXBuildFile; fileRef = 632AC38C268D563B004848CB /* SceneDelegate.swift */; };
		632AC38F268D563B004848CB /* HomeController.swift in Sources */ = {isa = PBXBuildFile; fileRef = 632AC38E268D563B004848CB /* HomeController.swift */; };
		632AC392268D563B004848CB /* Main.storyboard in Resources */ = {isa = PBXBuildFile; fileRef = 632AC390268D563B004848CB /* Main.storyboard */; };
		632AC394268D5640004848CB /* Assets.xcassets in Resources */ = {isa = PBXBuildFile; fileRef = 632AC393268D5640004848CB /* Assets.xcassets */; };
		632AC397268D5640004848CB /* LaunchScreen.storyboard in Resources */ = {isa = PBXBuildFile; fileRef = 632AC395268D5640004848CB /* LaunchScreen.storyboard */; };
/* End PBXBuildFile section */

/* Begin PBXFileReference section */
		630BDC11268EBF75007861C5 /* CustomCell.swift */ = {isa = PBXFileReference; lastKnownFileType = sourcecode.swift; path = CustomCell.swift; sourceTree = "<group>"; };
		630BDC12268EBF75007861C5 /* CustomCell.xib */ = {isa = PBXFileReference; lastKnownFileType = file.xib; path = CustomCell.xib; sourceTree = "<group>"; };
		630BDC15268EC570007861C5 /* PostCell.swift */ = {isa = PBXFileReference; lastKnownFileType = sourcecode.swift; path = PostCell.swift; sourceTree = "<group>"; };
		630BDC16268EC570007861C5 /* PostCell.xib */ = {isa = PBXFileReference; lastKnownFileType = file.xib; path = PostCell.xib; sourceTree = "<group>"; };
		630BDC1F268F05DE007861C5 /* StoryController.swift */ = {isa = PBXFileReference; lastKnownFileType = sourcecode.swift; path = StoryController.swift; sourceTree = "<group>"; };
		630BDC21268F14C8007861C5 /* Comment.swift */ = {isa = PBXFileReference; lastKnownFileType = sourcecode.swift; path = Comment.swift; sourceTree = "<group>"; };
		630BDC22268F14C8007861C5 /* Comment.xib */ = {isa = PBXFileReference; lastKnownFileType = file.xib; path = Comment.xib; sourceTree = "<group>"; };
		632AC387268D563B004848CB /* constraint.app */ = {isa = PBXFileReference; explicitFileType = wrapper.application; includeInIndex = 0; path = constraint.app; sourceTree = BUILT_PRODUCTS_DIR; };
		632AC38A268D563B004848CB /* AppDelegate.swift */ = {isa = PBXFileReference; lastKnownFileType = sourcecode.swift; path = AppDelegate.swift; sourceTree = "<group>"; };
		632AC38C268D563B004848CB /* SceneDelegate.swift */ = {isa = PBXFileReference; lastKnownFileType = sourcecode.swift; path = SceneDelegate.swift; sourceTree = "<group>"; };
		632AC38E268D563B004848CB /* HomeController.swift */ = {isa = PBXFileReference; lastKnownFileType = sourcecode.swift; path = HomeController.swift; sourceTree = "<group>"; };
		632AC391268D563B004848CB /* Base */ = {isa = PBXFileReference; lastKnownFileType = file.storyboard; name = Base; path = Base.lproj/Main.storyboard; sourceTree = "<group>"; };
		632AC393268D5640004848CB /* Assets.xcassets */ = {isa = PBXFileReference; lastKnownFileType = folder.assetcatalog; path = Assets.xcassets; sourceTree = "<group>"; };
		632AC396268D5640004848CB /* Base */ = {isa = PBXFileReference; lastKnownFileType = file.storyboard; name = Base; path = Base.lproj/LaunchScreen.storyboard; sourceTree = "<group>"; };
		632AC398268D5640004848CB /* Info.plist */ = {isa = PBXFileReference; lastKnownFileType = text.plist.xml; path = Info.plist; sourceTree = "<group>"; };
/* End PBXFileReference section */

/* Begin PBXFrameworksBuildPhase section */
		632AC384268D563B004848CB /* Frameworks */ = {
			isa = PBXFrameworksBuildPhase;
			buildActionMask = 2147483647;
			files = (
			);
			runOnlyForDeploymentPostprocessing = 0;
		};
/* End PBXFrameworksBuildPhase section */

/* Begin PBXGroup section */
		632AC37E268D563B004848CB = {
			isa = PBXGroup;
			children = (
				632AC389268D563B004848CB /* constraint */,
				632AC388268D563B004848CB /* Products */,
			);
			sourceTree = "<group>";
		};
		632AC388268D563B004848CB /* Products */ = {
			isa = PBXGroup;
			children = (
				632AC387268D563B004848CB /* constraint.app */,
			);
			name = Products;
			sourceTree = "<group>";
		};
		632AC389268D563B004848CB /* constraint */ = {
			isa = PBXGroup;
			children = (
				63975EF0268EA58B00F055F2 /* View */,
				63975EEF268EA58000F055F2 /* Controller */,
				632AC38A268D563B004848CB /* AppDelegate.swift */,
				632AC38C268D563B004848CB /* SceneDelegate.swift */,
				632AC393268D5640004848CB /* Assets.xcassets */,
				632AC395268D5640004848CB /* LaunchScreen.storyboard */,
				632AC398268D5640004848CB /* Info.plist */,
			);
			path = constraint;
			sourceTree = "<group>";
		};
		63975EEF268EA58000F055F2 /* Controller */ = {
			isa = PBXGroup;
			children = (
				632AC38E268D563B004848CB /* HomeController.swift */,
				630BDC11268EBF75007861C5 /* CustomCell.swift */,
				630BDC15268EC570007861C5 /* PostCell.swift */,
				630BDC1F268F05DE007861C5 /* StoryController.swift */,
				630BDC21268F14C8007861C5 /* Comment.swift */,
			);
			path = Controller;
			sourceTree = "<group>";
		};
		63975EF0268EA58B00F055F2 /* View */ = {
			isa = PBXGroup;
			children = (
				632AC390268D563B004848CB /* Main.storyboard */,
				630BDC12268EBF75007861C5 /* CustomCell.xib */,
				630BDC22268F14C8007861C5 /* Comment.xib */,
				630BDC16268EC570007861C5 /* PostCell.xib */,
			);
			path = View;
			sourceTree = "<group>";
		};
/* End PBXGroup section */

/* Begin PBXNativeTarget section */
		632AC386268D563B004848CB /* constraint */ = {
			isa = PBXNativeTarget;
			buildConfigurationList = 632AC39B268D5640004848CB /* Build configuration list for PBXNativeTarget "constraint" */;
			buildPhases = (
				632AC383268D563B004848CB /* Sources */,
				632AC384268D563B004848CB /* Frameworks */,
				632AC385268D563B004848CB /* Resources */,
			);
			buildRules = (
			);
			dependencies = (
			);
			name = constraint;
			productName = constraint;
			productReference = 632AC387268D563B004848CB /* constraint.app */;
			productType = "com.apple.product-type.application";
		};
/* End PBXNativeTarget section */

/* Begin PBXProject section */
		632AC37F268D563B004848CB /* Project object */ = {
			isa = PBXProject;
			attributes = {
				LastSwiftUpdateCheck = 1250;
				LastUpgradeCheck = 1250;
				TargetAttributes = {
					632AC386268D563B004848CB = {
						CreatedOnToolsVersion = 12.5.1;
					};
				};
			};
			buildConfigurationList = 632AC382268D563B004848CB /* Build configuration list for PBXProject "constraint" */;
			compatibilityVersion = "Xcode 9.3";
			developmentRegion = en;
			hasScannedForEncodings = 0;
			knownRegions = (
				en,
				Base,
			);
			mainGroup = 632AC37E268D563B004848CB;
			productRefGroup = 632AC388268D563B004848CB /* Products */;
			projectDirPath = "";
			projectRoot = "";
			targets = (
				632AC386268D563B004848CB /* constraint */,
			);
		};
/* End PBXProject section */

/* Begin PBXResourcesBuildPhase section */
		632AC385268D563B004848CB /* Resources */ = {
			isa = PBXResourcesBuildPhase;
			buildActionMask = 2147483647;
			files = (
				632AC397268D5640004848CB /* LaunchScreen.storyboard in Resources */,
				632AC394268D5640004848CB /* Assets.xcassets in Resources */,
				630BDC18268EC570007861C5 /* PostCell.xib in Resources */,
				630BDC24268F14C8007861C5 /* Comment.xib in Resources */,
				630BDC14268EBF75007861C5 /* CustomCell.xib in Resources */,
				632AC392268D563B004848CB /* Main.storyboard in Resources */,
			);
			runOnlyForDeploymentPostprocessing = 0;
		};
/* End PBXResourcesBuildPhase section */

/* Begin PBXSourcesBuildPhase section */
		632AC383268D563B004848CB /* Sources */ = {
			isa = PBXSourcesBuildPhase;
			buildActionMask = 2147483647;
			files = (
				632AC38F268D563B004848CB /* HomeController.swift in Sources */,
				630BDC20268F05DE007861C5 /* StoryController.swift in Sources */,
				632AC38B268D563B004848CB /* AppDelegate.swift in Sources */,
				630BDC23268F14C8007861C5 /* Comment.swift in Sources */,
				630BDC13268EBF75007861C5 /* CustomCell.swift in Sources */,
				632AC38D268D563B004848CB /* SceneDelegate.swift in Sources */,
				630BDC17268EC570007861C5 /* PostCell.swift in Sources */,
			);
			runOnlyForDeploymentPostprocessing = 0;
		};
/* End PBXSourcesBuildPhase section */

/* Begin PBXVariantGroup section */
		632AC390268D563B004848CB /* Main.storyboard */ = {
			isa = PBXVariantGroup;
			children = (
				632AC391268D563B004848CB /* Base */,
			);
			name = Main.storyboard;
			sourceTree = "<group>";
		};
		632AC395268D5640004848CB /* LaunchScreen.storyboard */ = {
			isa = PBXVariantGroup;
			children = (
				632AC396268D5640004848CB /* Base */,
			);
			name = LaunchScreen.storyboard;
			sourceTree = "<group>";
		};
/* End PBXVariantGroup section */

/* Begin XCBuildConfiguration section */
		632AC399268D5640004848CB /* Debug */ = {
			isa = XCBuildConfiguration;
			buildSettings = {
				ALWAYS_SEARCH_USER_PATHS = NO;
				CLANG_ANALYZER_NONNULL = YES;
				CLANG_ANALYZER_NUMBER_OBJECT_CONVERSION = YES_AGGRESSIVE;
				CLANG_CXX_LANGUAGE_STANDARD = "gnu++14";
				CLANG_CXX_LIBRARY = "libc++";
				CLANG_ENABLE_MODULES = YES;
				CLANG_ENABLE_OBJC_ARC = YES;
				CLANG_ENABLE_OBJC_WEAK = YES;
				CLANG_WARN_BLOCK_CAPTURE_AUTORELEASING = YES;
				CLANG_WARN_BOOL_CONVERSION = YES;
				CLANG_WARN_COMMA = YES;
				CLANG_WARN_CONSTANT_CONVERSION = YES;
				CLANG_WARN_DEPRECATED_OBJC_IMPLEMENTATIONS = YES;
				CLANG_WARN_DIRECT_OBJC_ISA_USAGE = YES_ERROR;
				CLANG_WARN_DOCUMENTATION_COMMENTS = YES;
				CLANG_WARN_EMPTY_BODY = YES;
				CLANG_WARN_ENUM_CONVERSION = YES;
				CLANG_WARN_INFINITE_RECURSION = YES;
				CLANG_WARN_INT_CONVERSION = YES;
				CLANG_WARN_NON_LITERAL_NULL_CONVERSION = YES;
				CLANG_WARN_OBJC_IMPLICIT_RETAIN_SELF = YES;
				CLANG_WARN_OBJC_LITERAL_CONVERSION = YES;
				CLANG_WARN_OBJC_ROOT_CLASS = YES_ERROR;
				CLANG_WARN_QUOTED_INCLUDE_IN_FRAMEWORK_HEADER = YES;
				CLANG_WARN_RANGE_LOOP_ANALYSIS = YES;
				CLANG_WARN_STRICT_PROTOTYPES = YES;
				CLANG_WARN_SUSPICIOUS_MOVE = YES;
				CLANG_WARN_UNGUARDED_AVAILABILITY = YES_AGGRESSIVE;
				CLANG_WARN_UNREACHABLE_CODE = YES;
				CLANG_WARN__DUPLICATE_METHOD_MATCH = YES;
				COPY_PHASE_STRIP = NO;
				DEBUG_INFORMATION_FORMAT = dwarf;
				ENABLE_STRICT_OBJC_MSGSEND = YES;
				ENABLE_TESTABILITY = YES;
				GCC_C_LANGUAGE_STANDARD = gnu11;
				GCC_DYNAMIC_NO_PIC = NO;
				GCC_NO_COMMON_BLOCKS = YES;
				GCC_OPTIMIZATION_LEVEL = 0;
				GCC_PREPROCESSOR_DEFINITIONS = (
					"DEBUG=1",
					"$(inherited)",
				);
				GCC_WARN_64_TO_32_BIT_CONVERSION = YES;
				GCC_WARN_ABOUT_RETURN_TYPE = YES_ERROR;
				GCC_WARN_UNDECLARED_SELECTOR = YES;
				GCC_WARN_UNINITIALIZED_AUTOS = YES_AGGRESSIVE;
				GCC_WARN_UNUSED_FUNCTION = YES;
				GCC_WARN_UNUSED_VARIABLE = YES;
				IPHONEOS_DEPLOYMENT_TARGET = 14.5;
				MTL_ENABLE_DEBUG_INFO = INCLUDE_SOURCE;
				MTL_FAST_MATH = YES;
				ONLY_ACTIVE_ARCH = YES;
				SDKROOT = iphoneos;
				SWIFT_ACTIVE_COMPILATION_CONDITIONS = DEBUG;
				SWIFT_OPTIMIZATION_LEVEL = "-Onone";
			};
			name = Debug;
		};
		632AC39A268D5640004848CB /* Release */ = {
			isa = XCBuildConfiguration;
			buildSettings = {
				ALWAYS_SEARCH_USER_PATHS = NO;
				CLANG_ANALYZER_NONNULL = YES;
				CLANG_ANALYZER_NUMBER_OBJECT_CONVERSION = YES_AGGRESSIVE;
				CLANG_CXX_LANGUAGE_STANDARD = "gnu++14";
				CLANG_CXX_LIBRARY = "libc++";
				CLANG_ENABLE_MODULES = YES;
				CLANG_ENABLE_OBJC_ARC = YES;
				CLANG_ENABLE_OBJC_WEAK = YES;
				CLANG_WARN_BLOCK_CAPTURE_AUTORELEASING = YES;
				CLANG_WARN_BOOL_CONVERSION = YES;
				CLANG_WARN_COMMA = YES;
				CLANG_WARN_CONSTANT_CONVERSION = YES;
				CLANG_WARN_DEPRECATED_OBJC_IMPLEMENTATIONS = YES;
				CLANG_WARN_DIRECT_OBJC_ISA_USAGE = YES_ERROR;
				CLANG_WARN_DOCUMENTATION_COMMENTS = YES;
				CLANG_WARN_EMPTY_BODY = YES;
				CLANG_WARN_ENUM_CONVERSION = YES;
				CLANG_WARN_INFINITE_RECURSION = YES;
				CLANG_WARN_INT_CONVERSION = YES;
				CLANG_WARN_NON_LITERAL_NULL_CONVERSION = YES;
				CLANG_WARN_OBJC_IMPLICIT_RETAIN_SELF = YES;
				CLANG_WARN_OBJC_LITERAL_CONVERSION = YES;
				CLANG_WARN_OBJC_ROOT_CLASS = YES_ERROR;
				CLANG_WARN_QUOTED_INCLUDE_IN_FRAMEWORK_HEADER = YES;
				CLANG_WARN_RANGE_LOOP_ANALYSIS = YES;
				CLANG_WARN_STRICT_PROTOTYPES = YES;
				CLANG_WARN_SUSPICIOUS_MOVE = YES;
				CLANG_WARN_UNGUARDED_AVAILABILITY = YES_AGGRESSIVE;
				CLANG_WARN_UNREACHABLE_CODE = YES;
				CLANG_WARN__DUPLICATE_METHOD_MATCH = YES;
				COPY_PHASE_STRIP = NO;
				DEBUG_INFORMATION_FORMAT = "dwarf-with-dsym";
				ENABLE_NS_ASSERTIONS = NO;
				ENABLE_STRICT_OBJC_MSGSEND = YES;
				GCC_C_LANGUAGE_STANDARD = gnu11;
				GCC_NO_COMMON_BLOCKS = YES;
				GCC_WARN_64_TO_32_BIT_CONVERSION = YES;
				GCC_WARN_ABOUT_RETURN_TYPE = YES_ERROR;
				GCC_WARN_UNDECLARED_SELECTOR = YES;
				GCC_WARN_UNINITIALIZED_AUTOS = YES_AGGRESSIVE;
				GCC_WARN_UNUSED_FUNCTION = YES;
				GCC_WARN_UNUSED_VARIABLE = YES;
				IPHONEOS_DEPLOYMENT_TARGET = 14.5;
				MTL_ENABLE_DEBUG_INFO = NO;
				MTL_FAST_MATH = YES;
				SDKROOT = iphoneos;
				SWIFT_COMPILATION_MODE = wholemodule;
				SWIFT_OPTIMIZATION_LEVEL = "-O";
				VALIDATE_PRODUCT = YES;
			};
			name = Release;
		};
		632AC39C268D5640004848CB /* Debug */ = {
			isa = XCBuildConfiguration;
			buildSettings = {
				ASSETCATALOG_COMPILER_APPICON_NAME = AppIcon;
				ASSETCATALOG_COMPILER_GLOBAL_ACCENT_COLOR_NAME = AccentColor;
				CODE_SIGN_STYLE = Automatic;
				DEVELOPMENT_TEAM = A7Q5J9K3AS;
				INFOPLIST_FILE = constraint/Info.plist;
				IPHONEOS_DEPLOYMENT_TARGET = 14.4;
				LD_RUNPATH_SEARCH_PATHS = (
					"$(inherited)",
					"@executable_path/Frameworks",
				);
				PRODUCT_BUNDLE_IDENTIFIER = teneocto.thiemjason.constraint;
				PRODUCT_NAME = "$(TARGET_NAME)";
				SWIFT_VERSION = 5.0;
				TARGETED_DEVICE_FAMILY = "1,2";
			};
			name = Debug;
		};
		632AC39D268D5640004848CB /* Release */ = {
			isa = XCBuildConfiguration;
			buildSettings = {
				ASSETCATALOG_COMPILER_APPICON_NAME = AppIcon;
				ASSETCATALOG_COMPILER_GLOBAL_ACCENT_COLOR_NAME = AccentColor;
				CODE_SIGN_STYLE = Automatic;
				DEVELOPMENT_TEAM = A7Q5J9K3AS;
				INFOPLIST_FILE = constraint/Info.plist;
				IPHONEOS_DEPLOYMENT_TARGET = 14.4;
				LD_RUNPATH_SEARCH_PATHS = (
					"$(inherited)",
					"@executable_path/Frameworks",
				);
				PRODUCT_BUNDLE_IDENTIFIER = teneocto.thiemjason.constraint;
				PRODUCT_NAME = "$(TARGET_NAME)";
				SWIFT_VERSION = 5.0;
				TARGETED_DEVICE_FAMILY = "1,2";
			};
			name = Release;
		};
/* End XCBuildConfiguration section */

/* Begin XCConfigurationList section */
		632AC382268D563B004848CB /* Build configuration list for PBXProject "constraint" */ = {
			isa = XCConfigurationList;
			buildConfigurations = (
				632AC399268D5640004848CB /* Debug */,
				632AC39A268D5640004848CB /* Release */,
			);
			defaultConfigurationIsVisible = 0;
			defaultConfigurationName = Release;
		};
		632AC39B268D5640004848CB /* Build configuration list for PBXNativeTarget "constraint" */ = {
			isa = XCConfigurationList;
			buildConfigurations = (
				632AC39C268D5640004848CB /* Debug */,
				632AC39D268D5640004848CB /* Release */,
			);
			defaultConfigurationIsVisible = 0;
			defaultConfigurationName = Release;
		};
/* End XCConfigurationList section */
	};
	rootObject = 632AC37F268D563B004848CB /* Project object */;
}
